{
  "version": 4,
  "terraform_version": "0.12.9",
  "serial": 9,
  "lineage": "a7a33828-728f-a127-0903-edfde34846fd",
  "outputs": {},
  "resources": [
    {
      "mode": "data",
      "type": "archive_file",
      "name": "get_status_zip",
      "provider": "provider.archive",
      "instances": [
        {
          "schema_version": 0,
          "attributes": {
            "excludes": null,
            "id": "153dc58586ac1eb672483e6ab4ded16fa049665e",
            "output_base64sha256": "Ks9GSenpwindJ703josLZQW70VG4w387irkNUbfq9Iw=",
            "output_md5": "ec1df47396b21c3c500bf98e0b1caa4f",
            "output_path": "./artifacts/get_garage_status.zip",
            "output_sha": "153dc58586ac1eb672483e6ab4ded16fa049665e",
            "output_size": 833,
            "source": [],
            "source_content": null,
            "source_content_filename": null,
            "source_dir": null,
            "source_file": "./../lambda/get_garage_status.py",
            "type": "zip"
          }
        }
      ]
    },
    {
      "mode": "managed",
      "type": "aws_iam_role",
      "name": "garage_lambda_role",
      "provider": "provider.aws",
      "instances": [
        {
          "schema_version": 0,
          "attributes": {
            "arn": "arn:aws:iam::676433310077:role/garage_lambda_role",
            "assume_role_policy": "{\"Version\":\"2012-10-17\",\"Statement\":[{\"Sid\":\"\",\"Effect\":\"Allow\",\"Principal\":{\"Service\":\"lambda.amazonaws.com\"},\"Action\":\"sts:AssumeRole\"}]}",
            "create_date": "2019-10-01T17:47:15Z",
            "description": "",
            "force_detach_policies": false,
            "id": "garage_lambda_role",
            "max_session_duration": 3600,
            "name": "garage_lambda_role",
            "name_prefix": null,
            "path": "/",
            "permissions_boundary": null,
            "tags": {},
            "unique_id": "AROAZ27URGF6WWTLCNYLQ"
          },
          "private": "bnVsbA=="
        }
      ]
    },
    {
      "mode": "managed",
      "type": "aws_iam_role_policy_attachment",
      "name": "attach_apigateway",
      "provider": "provider.aws",
      "instances": [
        {
          "schema_version": 0,
          "attributes": {
            "id": "garage_lambda_role-20191001174715371200000003",
            "policy_arn": "arn:aws:iam::aws:policy/AmazonAPIGatewayInvokeFullAccess",
            "role": "garage_lambda_role"
          },
          "private": "bnVsbA==",
          "depends_on": [
            "aws_iam_role.garage_lambda_role"
          ]
        }
      ]
    },
    {
      "mode": "managed",
      "type": "aws_iam_role_policy_attachment",
      "name": "attach_basic_lambda",
      "provider": "provider.aws",
      "instances": [
        {
          "schema_version": 0,
          "attributes": {
            "id": "garage_lambda_role-20191001174715365000000002",
            "policy_arn": "arn:aws:iam::aws:policy/service-role/AWSLambdaBasicExecutionRole",
            "role": "garage_lambda_role"
          },
          "private": "bnVsbA==",
          "depends_on": [
            "aws_iam_role.garage_lambda_role"
          ]
        }
      ]
    },
    {
      "mode": "managed",
      "type": "aws_iam_role_policy_attachment",
      "name": "attach_dynamo",
      "provider": "provider.aws",
      "instances": [
        {
          "schema_version": 0,
          "attributes": {
            "id": "garage_lambda_role-20191001174715359200000001",
            "policy_arn": "arn:aws:iam::aws:policy/AmazonDynamoDBFullAccess",
            "role": "garage_lambda_role"
          },
          "private": "bnVsbA==",
          "depends_on": [
            "aws_iam_role.garage_lambda_role"
          ]
        }
      ]
    },
    {
      "mode": "managed",
      "type": "aws_iam_role_policy_attachment",
      "name": "attach_iot",
      "provider": "provider.aws",
      "instances": [
        {
          "schema_version": 0,
          "attributes": {
            "id": "garage_lambda_role-20191001174913107600000001",
            "policy_arn": "arn:aws:iam::aws:policy/AWSIoTFullAccess",
            "role": "garage_lambda_role"
          },
          "private": "bnVsbA==",
          "depends_on": [
            "aws_iam_role.garage_lambda_role"
          ]
        }
      ]
    },
    {
      "mode": "managed",
      "type": "aws_lambda_function",
      "name": "get_garage_status",
      "provider": "provider.aws",
      "instances": [
        {
          "schema_version": 0,
          "attributes": {
            "arn": "arn:aws:lambda:us-east-1:676433310077:function:get_garage_status",
            "dead_letter_config": [],
            "description": "",
            "environment": [],
            "filename": "./artifacts/get_garage_status.zip",
            "function_name": "get_garage_status",
            "handler": "lambda_handler",
            "id": "get_garage_status",
            "invoke_arn": "arn:aws:apigateway:us-east-1:lambda:path/2015-03-31/functions/arn:aws:lambda:us-east-1:676433310077:function:get_garage_status/invocations",
            "kms_key_arn": "",
            "last_modified": "2019-10-01T17:47:31.375+0000",
            "layers": [],
            "memory_size": 128,
            "publish": false,
            "qualified_arn": "arn:aws:lambda:us-east-1:676433310077:function:get_garage_status:$LATEST",
            "reserved_concurrent_executions": -1,
            "role": "arn:aws:iam::676433310077:role/garage_lambda_role",
            "runtime": "python3.7",
            "s3_bucket": null,
            "s3_key": null,
            "s3_object_version": null,
            "source_code_hash": "Ks9GSenpwindJ703josLZQW70VG4w387irkNUbfq9Iw=",
            "source_code_size": 833,
            "tags": {},
            "timeout": 3,
            "timeouts": null,
            "tracing_config": [
              {
                "mode": "PassThrough"
              }
            ],
            "version": "$LATEST",
            "vpc_config": []
          },
          "private": "eyJlMmJmYjczMC1lY2FhLTExZTYtOGY4OC0zNDM2M2JjN2M0YzAiOnsiY3JlYXRlIjo2MDAwMDAwMDAwMDB9fQ==",
          "depends_on": [
            "aws_iam_role.garage_lambda_role"
          ]
        }
      ]
    }
  ]
}
